
Microsoft Visual Studio Solution File, Format Version 12.00
# Visual Studio 15
VisualStudioVersion = 15.0.26730.8
MinimumVisualStudioVersion = 10.0.40219.1
Project("{9A19103F-16F7-4668-BE54-9A1E7A4F7556}") = "iiServices", "iiService\iiServices.csproj", "{A727C8F5-0611-4BA1-8085-CEF6E59D5399}"
EndProject
Project("{9A19103F-16F7-4668-BE54-9A1E7A4F7556}") = "iiFramework.Util", "iiFramework.Util\iiFramework.Util.csproj", "{79D5DE69-D2A5-4C27-BA88-0B578A599E24}"
EndProject
Project("{9A19103F-16F7-4668-BE54-9A1E7A4F7556}") = "iiFramework.Common", "iiFramework.Common\iiFramework.Common.csproj", "{611371BB-256D-4F70-8165-F2ADCC71C404}"
EndProject
Global
	GlobalSection(SolutionConfigurationPlatforms) = preSolution
		Debug|Any CPU = Debug|Any CPU
		Release|Any CPU = Release|Any CPU
	EndGlobalSection
	GlobalSection(ProjectConfigurationPlatforms) = postSolution
		{A727C8F5-0611-4BA1-8085-CEF6E59D5399}.Debug|Any CPU.ActiveCfg = Debug|Any CPU
		{A727C8F5-0611-4BA1-8085-CEF6E59D5399}.Debug|Any CPU.Build.0 = Debug|Any CPU
		{A727C8F5-0611-4BA1-8085-CEF6E59D5399}.Release|Any CPU.ActiveCfg = Release|Any CPU
		{A727C8F5-0611-4BA1-8085-CEF6E59D5399}.Release|Any CPU.Build.0 = Release|Any CPU
		{79D5DE69-D2A5-4C27-BA88-0B578A599E24}.Debug|Any CPU.ActiveCfg = Debug|Any CPU
		{79D5DE69-D2A5-4C27-BA88-0B578A599E24}.Debug|Any CPU.Build.0 = Debug|Any CPU
		{79D5DE69-D2A5-4C27-BA88-0B578A599E24}.Release|Any CPU.ActiveCfg = Release|Any CPU
		{79D5DE69-D2A5-4C27-BA88-0B578A599E24}.Release|Any CPU.Build.0 = Release|Any CPU
		{611371BB-256D-4F70-8165-F2ADCC71C404}.Debug|Any CPU.ActiveCfg = Debug|Any CPU
		{611371BB-256D-4F70-8165-F2ADCC71C404}.Debug|Any CPU.Build.0 = Debug|Any CPU
		{611371BB-256D-4F70-8165-F2ADCC71C404}.Release|Any CPU.ActiveCfg = Release|Any CPU
		{611371BB-256D-4F70-8165-F2ADCC71C404}.Release|Any CPU.Build.0 = Release|Any CPU
	EndGlobalSection
	GlobalSection(SolutionProperties) = preSolution
		HideSolutionNode = FALSE
	EndGlobalSection
	GlobalSection(ExtensibilityGlobals) = postSolution
		SolutionGuid = {3DB2E108-59D9-4B43-AD43-EEF57C2C6019}
	EndGlobalSection
EndGlobal
