
Microsoft Visual Studio Solution File, Format Version 12.00
# Visual Studio 15
VisualStudioVersion = 15.0.26730.8
MinimumVisualStudioVersion = 10.0.40219.1
Project("{9A19103F-16F7-4668-BE54-9A1E7A4F7556}") = "iiServices", "iiService\iiServices.csproj", "{F602D8F5-FDDD-4B57-BEB2-97B129A5EAC4}"
EndProject
Project("{9A19103F-16F7-4668-BE54-9A1E7A4F7556}") = "iiFramework.Util", "iiFramework.Util\iiFramework.Util.csproj", "{80EA058C-5A17-478C-8A78-C5D990BCA522}"
EndProject
Project("{9A19103F-16F7-4668-BE54-9A1E7A4F7556}") = "iiFramework.Common", "iiFramework.Common\iiFramework.Common.csproj", "{49FCEF96-72D9-4CFF-BF6F-AE68084697EB}"
EndProject
Global
	GlobalSection(SolutionConfigurationPlatforms) = preSolution
		Debug|Any CPU = Debug|Any CPU
		Release|Any CPU = Release|Any CPU
	EndGlobalSection
	GlobalSection(ProjectConfigurationPlatforms) = postSolution
		{F602D8F5-FDDD-4B57-BEB2-97B129A5EAC4}.Debug|Any CPU.ActiveCfg = Debug|Any CPU
		{F602D8F5-FDDD-4B57-BEB2-97B129A5EAC4}.Debug|Any CPU.Build.0 = Debug|Any CPU
		{F602D8F5-FDDD-4B57-BEB2-97B129A5EAC4}.Release|Any CPU.ActiveCfg = Release|Any CPU
		{F602D8F5-FDDD-4B57-BEB2-97B129A5EAC4}.Release|Any CPU.Build.0 = Release|Any CPU
		{80EA058C-5A17-478C-8A78-C5D990BCA522}.Debug|Any CPU.ActiveCfg = Debug|Any CPU
		{80EA058C-5A17-478C-8A78-C5D990BCA522}.Debug|Any CPU.Build.0 = Debug|Any CPU
		{80EA058C-5A17-478C-8A78-C5D990BCA522}.Release|Any CPU.ActiveCfg = Release|Any CPU
		{80EA058C-5A17-478C-8A78-C5D990BCA522}.Release|Any CPU.Build.0 = Release|Any CPU
		{49FCEF96-72D9-4CFF-BF6F-AE68084697EB}.Debug|Any CPU.ActiveCfg = Debug|Any CPU
		{49FCEF96-72D9-4CFF-BF6F-AE68084697EB}.Debug|Any CPU.Build.0 = Debug|Any CPU
		{49FCEF96-72D9-4CFF-BF6F-AE68084697EB}.Release|Any CPU.ActiveCfg = Release|Any CPU
		{49FCEF96-72D9-4CFF-BF6F-AE68084697EB}.Release|Any CPU.Build.0 = Release|Any CPU
	EndGlobalSection
	GlobalSection(SolutionProperties) = preSolution
		HideSolutionNode = FALSE
	EndGlobalSection
	GlobalSection(ExtensibilityGlobals) = postSolution
		SolutionGuid = {3DB2E108-59D9-4B43-AD43-EEF57C2C6019}
	EndGlobalSection
EndGlobal
